Microsoft Visual Studio Solution File, Format Version 12.00
# Visual Studio Version 17
VisualStudioVersion = 17.5.2.0
MinimumVisualStudioVersion = 10.0.40219.1
Project("{FAE04EC0-301F-11D3-BF4B-00C04F79EFBC}") = "gotailsos", "gotailsos.csproj", "{93036B1F-1027-D86E-E195-7E3C31F3EC3F}"
EndProject
Global
	GlobalSection(SolutionConfigurationPlatforms) = preSolution
		Debug|Any CPU = Debug|Any CPU
		Release|Any CPU = Release|Any CPU
	EndGlobalSection
	GlobalSection(ProjectConfigurationPlatforms) = postSolution
		{93036B1F-1027-D86E-E195-7E3C31F3EC3F}.Debug|Any CPU.ActiveCfg = Debug|Any CPU
		{93036B1F-1027-D86E-E195-7E3C31F3EC3F}.Debug|Any CPU.Build.0 = Debug|Any CPU
		{93036B1F-1027-D86E-E195-7E3C31F3EC3F}.Release|Any CPU.ActiveCfg = Release|Any CPU
		{93036B1F-1027-D86E-E195-7E3C31F3EC3F}.Release|Any CPU.Build.0 = Release|Any CPU
	EndGlobalSection
	GlobalSection(SolutionProperties) = preSolution
		HideSolutionNode = FALSE
	EndGlobalSection
	GlobalSection(ExtensibilityGlobals) = postSolution
		SolutionGuid = {A5D6FEC3-052A-4671-93B4-336321E8A302}
	EndGlobalSection
EndGlobal
